
Microsoft Visual Studio Solution File, Format Version 12.00
# Visual Studio 15
VisualStudioVersion = 15.0.27130.2026
MinimumVisualStudioVersion = 10.0.40219.1
Project("{9A19103F-16F7-4668-BE54-9A1E7A4F7556}") = "UserManagement.WebAPI", "GraphQl.WebAPI\UserManagement.WebAPI.csproj", "{FF56E3A7-D3FD-4562-984B-51CF40F184E2}"
EndProject
Project("{FAE04EC0-301F-11D3-BF4B-00C04F79EFBC}") = "UserManagement.Queries.Application", "UserManagement.Queries\UserManagement.Queries.Application.csproj", "{56535731-99CC-4465-902D-531B282E4635}"
EndProject
Project("{FAE04EC0-301F-11D3-BF4B-00C04F79EFBC}") = "UserManagement.Queries.Infrastructure", "UserManagement.Queries.Infrastructure\UserManagement.Queries.Infrastructure.csproj", "{AFAF2875-9FF5-4149-8DA3-F94D6CA831C9}"
EndProject
Global
	GlobalSection(SolutionConfigurationPlatforms) = preSolution
		Debug|Any CPU = Debug|Any CPU
		Release|Any CPU = Release|Any CPU
	EndGlobalSection
	GlobalSection(ProjectConfigurationPlatforms) = postSolution
		{FF56E3A7-D3FD-4562-984B-51CF40F184E2}.Debug|Any CPU.ActiveCfg = Debug|Any CPU
		{FF56E3A7-D3FD-4562-984B-51CF40F184E2}.Debug|Any CPU.Build.0 = Debug|Any CPU
		{FF56E3A7-D3FD-4562-984B-51CF40F184E2}.Release|Any CPU.ActiveCfg = Release|Any CPU
		{FF56E3A7-D3FD-4562-984B-51CF40F184E2}.Release|Any CPU.Build.0 = Release|Any CPU
		{56535731-99CC-4465-902D-531B282E4635}.Debug|Any CPU.ActiveCfg = Debug|Any CPU
		{56535731-99CC-4465-902D-531B282E4635}.Debug|Any CPU.Build.0 = Debug|Any CPU
		{56535731-99CC-4465-902D-531B282E4635}.Release|Any CPU.ActiveCfg = Release|Any CPU
		{56535731-99CC-4465-902D-531B282E4635}.Release|Any CPU.Build.0 = Release|Any CPU
		{AFAF2875-9FF5-4149-8DA3-F94D6CA831C9}.Debug|Any CPU.ActiveCfg = Debug|Any CPU
		{AFAF2875-9FF5-4149-8DA3-F94D6CA831C9}.Debug|Any CPU.Build.0 = Debug|Any CPU
		{AFAF2875-9FF5-4149-8DA3-F94D6CA831C9}.Release|Any CPU.ActiveCfg = Release|Any CPU
		{AFAF2875-9FF5-4149-8DA3-F94D6CA831C9}.Release|Any CPU.Build.0 = Release|Any CPU
	EndGlobalSection
	GlobalSection(SolutionProperties) = preSolution
		HideSolutionNode = FALSE
	EndGlobalSection
	GlobalSection(ExtensibilityGlobals) = postSolution
		SolutionGuid = {E8A3A1DE-65A0-453E-9A98-9E737D432AD1}
	EndGlobalSection
EndGlobal
